// !$*UTF8*$!
{
	archiveVersion = 1;
	classes = {
	};
	objectVersion = 46;
	objects = {

/* Begin PBXBuildFile section */
		C031633A1AD60F8800848FFF /* SettingsViewController.m in Sources */ = {isa = PBXBuildFile; fileRef = C03163391AD60F8800848FFF /* SettingsViewController.m */; };
		C0383A421AECB88B00F4E09E /* newlogo.png in Resources */ = {isa = PBXBuildFile; fileRef = C0383A411AECB88B00F4E09E /* newlogo.png */; };
		C0383A441AECBAAC00F4E09E /* logo-6withoutlettersmediumres.png in Resources */ = {isa = PBXBuildFile; fileRef = C0383A431AECBAAC00F4E09E /* logo-6withoutlettersmediumres.png */; };
		C0383A451AECBAAC00F4E09E /* logo-6withoutlettersmediumres.png in Resources */ = {isa = PBXBuildFile; fileRef = C0383A431AECBAAC00F4E09E /* logo-6withoutlettersmediumres.png */; };
		C0383A471AECBB5C00F4E09E /* logo-6withoutlettershighres.png in Resources */ = {isa = PBXBuildFile; fileRef = C0383A461AECBB5C00F4E09E /* logo-6withoutlettershighres.png */; };
		C0383A481AECBB5C00F4E09E /* logo-6withoutlettershighres.png in Resources */ = {isa = PBXBuildFile; fileRef = C0383A461AECBB5C00F4E09E /* logo-6withoutlettershighres.png */; };
		C0383A4A1AECBF8E00F4E09E /* logo-6appicon.png in Resources */ = {isa = PBXBuildFile; fileRef = C0383A491AECBF8E00F4E09E /* logo-6appicon.png */; };
		C0383A4C1AEDD20A00F4E09E /* UserProfileDefaultDark.png in Resources */ = {isa = PBXBuildFile; fileRef = C0383A4B1AEDD20A00F4E09E /* UserProfileDefaultDark.png */; };
		C0383A4E1AEDD52600F4E09E /* 2pxWidthLineImage.png in Resources */ = {isa = PBXBuildFile; fileRef = C0383A4D1AEDD52600F4E09E /* 2pxWidthLineImage.png */; };
		C0383A521AEDF41700F4E09E /* backward4.png in Resources */ = {isa = PBXBuildFile; fileRef = C0383A511AEDF41700F4E09E /* backward4.png */; };
		C0383A551AEDF4D100F4E09E /* ShareKeyViewController.m in Sources */ = {isa = PBXBuildFile; fileRef = C0383A541AEDF4D100F4E09E /* ShareKeyViewController.m */; };
		C0383A571AEDF7B100F4E09E /* FriendListCell.xib in Resources */ = {isa = PBXBuildFile; fileRef = C0383A561AEDF7B100F4E09E /* FriendListCell.xib */; };
		C0383A591AEDFB6000F4E09E /* key83.png in Resources */ = {isa = PBXBuildFile; fileRef = C0383A581AEDFB6000F4E09E /* key83.png */; };
		C0383A5B1AEDFD1200F4E09E /* keys.png in Resources */ = {isa = PBXBuildFile; fileRef = C0383A5A1AEDFD1200F4E09E /* keys.png */; };
		C0383A5E1AEDFEAF00F4E09E /* FriendListCell.m in Sources */ = {isa = PBXBuildFile; fileRef = C0383A5D1AEDFEAF00F4E09E /* FriendListCell.m */; };
		C045EE1E1ACC86710073BF23 /* Mark Simonson - Proxima Nova Black Italic.otf in Resources */ = {isa = PBXBuildFile; fileRef = C045EE0A1ACC86690073BF23 /* Mark Simonson - Proxima Nova Black Italic.otf */; };
		C045EE1F1ACC86710073BF23 /* Mark Simonson - Proxima Nova Black.otf in Resources */ = {isa = PBXBuildFile; fileRef = C045EE0B1ACC86690073BF23 /* Mark Simonson - Proxima Nova Black.otf */; };
		C045EE201ACC86710073BF23 /* Mark Simonson - Proxima Nova Bold Italic.otf in Resources */ = {isa = PBXBuildFile; fileRef = C045EE0C1ACC86690073BF23 /* Mark Simonson - Proxima Nova Bold Italic.otf */; };
		C045EE211ACC86710073BF23 /* Mark Simonson - Proxima Nova Bold.otf in Resources */ = {isa = PBXBuildFile; fileRef = C045EE0D1ACC86690073BF23 /* Mark Simonson - Proxima Nova Bold.otf */; };
		C045EE221ACC86710073BF23 /* Mark Simonson - Proxima Nova Extrabold Italic.otf in Resources */ = {isa = PBXBuildFile; fileRef = C045EE0E1ACC86690073BF23 /* Mark Simonson - Proxima Nova Extrabold Italic.otf */; };
		C045EE231ACC86710073BF23 /* Mark Simonson - Proxima Nova Extrabold.otf in Resources */ = {isa = PBXBuildFile; fileRef = C045EE0F1ACC86690073BF23 /* Mark Simonson - Proxima Nova Extrabold.otf */; };
		C045EE241ACC86710073BF23 /* Mark Simonson - Proxima Nova Semibold Italic.otf in Resources */ = {isa = PBXBuildFile; fileRef = C045EE101ACC86690073BF23 /* Mark Simonson - Proxima Nova Semibold Italic.otf */; };
		C045EE251ACC86710073BF23 /* Mark Simonson - Proxima Nova Semibold.otf in Resources */ = {isa = PBXBuildFile; fileRef = C045EE111ACC86690073BF23 /* Mark Simonson - Proxima Nova Semibold.otf */; };
		C045EE261ACC86710073BF23 /* Mark Simonson - Proxima Nova Thin Italic.otf in Resources */ = {isa = PBXBuildFile; fileRef = C045EE121ACC86690073BF23 /* Mark Simonson - Proxima Nova Thin Italic.otf */; };
		C045EE271ACC86710073BF23 /* Mark Simonson - Proxima Nova Thin.otf in Resources */ = {isa = PBXBuildFile; fileRef = C045EE131ACC86690073BF23 /* Mark Simonson - Proxima Nova Thin.otf */; };
		C045EE2C1ACC88770073BF23 /* KiWiWhiteSpacePinkLogo.png in Resources */ = {isa = PBXBuildFile; fileRef = C045EE2B1ACC88770073BF23 /* KiWiWhiteSpacePinkLogo.png */; };
		C045EE2F1ACC8A0B0073BF23 /* WelcomeViewController.m in Sources */ = {isa = PBXBuildFile; fileRef = C045EE2E1ACC8A0B0073BF23 /* WelcomeViewController.m */; };
		C062A2551ABFD18100BD85C6 /* Menu-50.png in Resources */ = {isa = PBXBuildFile; fileRef = C062A2541ABFD18100BD85C6 /* Menu-50.png */; };
		C06B79091AC383C10022A672 /* AccountViewController.m in Sources */ = {isa = PBXBuildFile; fileRef = C06B79081AC383C10022A672 /* AccountViewController.m */; };
		C06B790E1AC3DADC0022A672 /* SRWebSocket.m in Sources */ = {isa = PBXBuildFile; fileRef = C06B790D1AC3DADC0022A672 /* SRWebSocket.m */; };
		C06B79101AC3DFB70022A672 /* libicucore.dylib in Frameworks */ = {isa = PBXBuildFile; fileRef = C06B790F1AC3DFB70022A672 /* libicucore.dylib */; };
		C06B79121AC3DFD50022A672 /* CFNetwork.framework in Frameworks */ = {isa = PBXBuildFile; fileRef = C06B79111AC3DFD50022A672 /* CFNetwork.framework */; };
		C06B79141AC3DFDD0022A672 /* Security.framework in Frameworks */ = {isa = PBXBuildFile; fileRef = C06B79131AC3DFDD0022A672 /* Security.framework */; };
		C06B79161AC3DFE20022A672 /* Foundation.framework in Frameworks */ = {isa = PBXBuildFile; fileRef = C06B79151AC3DFE20022A672 /* Foundation.framework */; };
		C0778F2C1ABF84990070F0BD /* SWRevealViewController.m in Sources */ = {isa = PBXBuildFile; fileRef = C0778F2B1ABF84990070F0BD /* SWRevealViewController.m */; };
		C0778F2F1ABF89C90070F0BD /* SidebarViewController.m in Sources */ = {isa = PBXBuildFile; fileRef = C0778F2E1ABF89C90070F0BD /* SidebarViewController.m */; };
		C0778F321ABF8C230070F0BD /* MainViewController.m in Sources */ = {isa = PBXBuildFile; fileRef = C0778F311ABF8C230070F0BD /* MainViewController.m */; };
		C078801A1AD6720E00FF6C10 /* ClearIcon.png in Resources */ = {isa = PBXBuildFile; fileRef = C07880191AD6720E00FF6C10 /* ClearIcon.png */; };
		C08209A31A625E9F00DE47C3 /* Info.plist in Resources */ = {isa = PBXBuildFile; fileRef = C0B4591A1A43957500BB9C64 /* Info.plist */; };
		C08209A91A6398DD00DE47C3 /* Images.xcassets in Resources */ = {isa = PBXBuildFile; fileRef = C08209A81A6398DD00DE47C3 /* Images.xcassets */; };
		C08209AB1A639C3100DE47C3 /* Launch Screen.xib in Resources */ = {isa = PBXBuildFile; fileRef = C08209AA1A639C3100DE47C3 /* Launch Screen.xib */; };
		C091F32F1ACD06E700CF17A8 /* delete8.png in Resources */ = {isa = PBXBuildFile; fileRef = C091F32E1ACD06E700CF17A8 /* delete8.png */; };
		C091F3311ACD07B200CF17A8 /* WhiteDeleteIcon.png in Resources */ = {isa = PBXBuildFile; fileRef = C091F3301ACD07B200CF17A8 /* WhiteDeleteIcon.png */; };
		C091F3341ACD1D8D00CF17A8 /* SignUpPageViewController.m in Sources */ = {isa = PBXBuildFile; fileRef = C091F3331ACD1D8D00CF17A8 /* SignUpPageViewController.m */; };
		C091F3381AD09E9B00CF17A8 /* KiWiAppIcon.png in Resources */ = {isa = PBXBuildFile; fileRef = C091F3371AD09E9B00CF17A8 /* KiWiAppIcon.png */; };
		C091F33A1AD09F4400CF17A8 /* KiWiWhiteSpaceLogoWhite.png in Resources */ = {isa = PBXBuildFile; fileRef = C091F3391AD09F4400CF17A8 /* KiWiWhiteSpaceLogoWhite.png */; };
		C091F3401AD1F3B500CF17A8 /* UnlockIcon.png in Resources */ = {isa = PBXBuildFile; fileRef = C091F33E1AD1F3B500CF17A8 /* UnlockIcon.png */; };
		C091F3411AD1F3B500CF17A8 /* LockIcon.png in Resources */ = {isa = PBXBuildFile; fileRef = C091F33F1AD1F3B500CF17A8 /* LockIcon.png */; };
		C091F3431AD33FB400CF17A8 /* UserProfileDefault.png in Resources */ = {isa = PBXBuildFile; fileRef = C091F3421AD33FB400CF17A8 /* UserProfileDefault.png */; };
		C091F3451AD3418E00CF17A8 /* LogViewCell.xib in Resources */ = {isa = PBXBuildFile; fileRef = C091F3441AD3418E00CF17A8 /* LogViewCell.xib */; };
		C091F3481AD345F000CF17A8 /* LogViewCell.m in Sources */ = {isa = PBXBuildFile; fileRef = C091F3471AD345F000CF17A8 /* LogViewCell.m */; };
		C091F34B1AD3725800CF17A8 /* UserSideBarCell.m in Sources */ = {isa = PBXBuildFile; fileRef = C091F34A1AD3725800CF17A8 /* UserSideBarCell.m */; };
		C091F34D1AD3729100CF17A8 /* UserSideBarCell.xib in Resources */ = {isa = PBXBuildFile; fileRef = C091F34C1AD3729100CF17A8 /* UserSideBarCell.xib */; };
		C09A0F801A9283E200EF02C6 /* MyKiwisViewController.m in Sources */ = {isa = PBXBuildFile; fileRef = C09A0F7F1A9283E200EF02C6 /* MyKiwisViewController.m */; };
		C09A0F821A92845D00EF02C6 /* CoreLocation.framework in Frameworks */ = {isa = PBXBuildFile; fileRef = C09A0F811A92845D00EF02C6 /* CoreLocation.framework */; };
		C09A0F841A96F66600EF02C6 /* MapKit.framework in Frameworks */ = {isa = PBXBuildFile; fileRef = C09A0F831A96F66600EF02C6 /* MapKit.framework */; };
		C0A5FCC01AD8959500A6BB62 /* MyStore.xcdatamodeld in Sources */ = {isa = PBXBuildFile; fileRef = C0A5FCBE1AD8959500A6BB62 /* MyStore.xcdatamodeld */; };
		C0A5FCC21AD9C3F200A6BB62 /* CoreData.framework in Frameworks */ = {isa = PBXBuildFile; fileRef = C0A5FCC11AD9C3F200A6BB62 /* CoreData.framework */; };
		C0B4591C1A43957500BB9C64 /* main.m in Sources */ = {isa = PBXBuildFile; fileRef = C0B4591B1A43957500BB9C64 /* main.m */; };
		C0B4591F1A43957500BB9C64 /* AppDelegate.m in Sources */ = {isa = PBXBuildFile; fileRef = C0B4591E1A43957500BB9C64 /* AppDelegate.m */; };
		C0B459361A43957500BB9C64 /* ToDoListTests.m in Sources */ = {isa = PBXBuildFile; fileRef = C0B459351A43957500BB9C64 /* ToDoListTests.m */; };
		C0D2A63B1ACCFDDD00426EF4 /* LogInPageViewController.m in Sources */ = {isa = PBXBuildFile; fileRef = C0D2A63A1ACCFDDD00426EF4 /* LogInPageViewController.m */; };
		C0D2A63E1ACCFEE300426EF4 /* GlobalVars.m in Sources */ = {isa = PBXBuildFile; fileRef = C0D2A63D1ACCFEE300426EF4 /* GlobalVars.m */; };
		C0DDBCF81AEB814E00A72D94 /* TransparentToolbar.m in Sources */ = {isa = PBXBuildFile; fileRef = C0DDBCF71AEB814E00A72D94 /* TransparentToolbar.m */; };
		C0FEA4A01A43BD080035A53C /* Main.storyboard in Resources */ = {isa = PBXBuildFile; fileRef = C0FEA49F1A43BD080035A53C /* Main.storyboard */; };
/* End PBXBuildFile section */

/* Begin PBXContainerItemProxy section */
		C0B459301A43957500BB9C64 /* PBXContainerItemProxy */ = {
			isa = PBXContainerItemProxy;
			containerPortal = C0B4590E1A43957500BB9C64 /* Project object */;
			proxyType = 1;
			remoteGlobalIDString = C0B459151A43957500BB9C64;
			remoteInfo = ToDoList;
		};
/* End PBXContainerItemProxy section */

/* Begin PBXFileReference section */
		C03163381AD60F8800848FFF /* SettingsViewController.h */ = {isa = PBXFileReference; fileEncoding = 4; lastKnownFileType = sourcecode.c.h; path = SettingsViewController.h; sourceTree = "<group>"; };
		C03163391AD60F8800848FFF /* SettingsViewController.m */ = {isa = PBXFileReference; fileEncoding = 4; lastKnownFileType = sourcecode.c.objc; path = SettingsViewController.m; sourceTree = "<group>"; };
		C0383A411AECB88B00F4E09E /* newlogo.png */ = {isa = PBXFileReference; lastKnownFileType = image.png; path = newlogo.png; sourceTree = "<group>"; };
		C0383A431AECBAAC00F4E09E /* logo-6withoutlettersmediumres.png */ = {isa = PBXFileReference; lastKnownFileType = image.png; path = "logo-6withoutlettersmediumres.png"; sourceTree = "<group>"; };
		C0383A461AECBB5C00F4E09E /* logo-6withoutlettershighres.png */ = {isa = PBXFileReference; lastKnownFileType = image.png; path = "logo-6withoutlettershighres.png"; sourceTree = "<group>"; };
		C0383A491AECBF8E00F4E09E /* logo-6appicon.png */ = {isa = PBXFileReference; lastKnownFileType = image.png; path = "logo-6appicon.png"; sourceTree = "<group>"; };
		C0383A4B1AEDD20A00F4E09E /* UserProfileDefaultDark.png */ = {isa = PBXFileReference; lastKnownFileType = image.png; path = UserProfileDefaultDark.png; sourceTree = "<group>"; };
		C0383A4D1AEDD52600F4E09E /* 2pxWidthLineImage.png */ = {isa = PBXFileReference; lastKnownFileType = image.png; path = 2pxWidthLineImage.png; sourceTree = "<group>"; };
		C0383A511AEDF41700F4E09E /* backward4.png */ = {isa = PBXFileReference; lastKnownFileType = image.png; path = backward4.png; sourceTree = "<group>"; };
		C0383A531AEDF4D100F4E09E /* ShareKeyViewController.h */ = {isa = PBXFileReference; fileEncoding = 4; lastKnownFileType = sourcecode.c.h; path = ShareKeyViewController.h; sourceTree = "<group>"; };
		C0383A541AEDF4D100F4E09E /* ShareKeyViewController.m */ = {isa = PBXFileReference; fileEncoding = 4; lastKnownFileType = sourcecode.c.objc; path = ShareKeyViewController.m; sourceTree = "<group>"; };
		C0383A561AEDF7B100F4E09E /* FriendListCell.xib */ = {isa = PBXFileReference; fileEncoding = 4; lastKnownFileType = file.xib; path = FriendListCell.xib; sourceTree = "<group>"; };
		C0383A581AEDFB6000F4E09E /* key83.png */ = {isa = PBXFileReference; lastKnownFileType = image.png; path = key83.png; sourceTree = "<group>"; };
		C0383A5A1AEDFD1200F4E09E /* keys.png */ = {isa = PBXFileReference; lastKnownFileType = image.png; path = keys.png; sourceTree = "<group>"; };
		C0383A5C1AEDFEAF00F4E09E /* FriendListCell.h */ = {isa = PBXFileReference; fileEncoding = 4; lastKnownFileType = sourcecode.c.h; path = FriendListCell.h; sourceTree = "<group>"; };
		C0383A5D1AEDFEAF00F4E09E /* FriendListCell.m */ = {isa = PBXFileReference; fileEncoding = 4; lastKnownFileType = sourcecode.c.objc; path = FriendListCell.m; sourceTree = "<group>"; };
		C045EE0A1ACC86690073BF23 /* Mark Simonson - Proxima Nova Black Italic.otf */ = {isa = PBXFileReference; lastKnownFileType = file; name = "Mark Simonson - Proxima Nova Black Italic.otf"; path = "../../../Library/Fonts/Mark Simonson - Proxima Nova Black Italic.otf"; sourceTree = "<group>"; };
		C045EE0B1ACC86690073BF23 /* Mark Simonson - Proxima Nova Black.otf */ = {isa = PBXFileReference; lastKnownFileType = file; name = "Mark Simonson - Proxima Nova Black.otf"; path = "../../../Library/Fonts/Mark Simonson - Proxima Nova Black.otf"; sourceTree = "<group>"; };
		C045EE0C1ACC86690073BF23 /* Mark Simonson - Proxima Nova Bold Italic.otf */ = {isa = PBXFileReference; lastKnownFileType = file; name = "Mark Simonson - Proxima Nova Bold Italic.otf"; path = "../../../Library/Fonts/Mark Simonson - Proxima Nova Bold Italic.otf"; sourceTree = "<group>"; };
		C045EE0D1ACC86690073BF23 /* Mark Simonson - Proxima Nova Bold.otf */ = {isa = PBXFileReference; lastKnownFileType = file; name = "Mark Simonson - Proxima Nova Bold.otf"; path = "../../../Library/Fonts/Mark Simonson - Proxima Nova Bold.otf"; sourceTree = "<group>"; };
		C045EE0E1ACC86690073BF23 /* Mark Simonson - Proxima Nova Extrabold Italic.otf */ = {isa = PBXFileReference; lastKnownFileType = file; name = "Mark Simonson - Proxima Nova Extrabold Italic.otf"; path = "../../../Library/Fonts/Mark Simonson - Proxima Nova Extrabold Italic.otf"; sourceTree = "<group>"; };
		C045EE0F1ACC86690073BF23 /* Mark Simonson - Proxima Nova Extrabold.otf */ = {isa = PBXFileReference; lastKnownFileType = file; name = "Mark Simonson - Proxima Nova Extrabold.otf"; path = "../../../Library/Fonts/Mark Simonson - Proxima Nova Extrabold.otf"; sourceTree = "<group>"; };
		C045EE101ACC86690073BF23 /* Mark Simonson - Proxima Nova Semibold Italic.otf */ = {isa = PBXFileReference; lastKnownFileType = file; name = "Mark Simonson - Proxima Nova Semibold Italic.otf"; path = "../../../Library/Fonts/Mark Simonson - Proxima Nova Semibold Italic.otf"; sourceTree = "<group>"; };
		C045EE111ACC86690073BF23 /* Mark Simonson - Proxima Nova Semibold.otf */ = {isa = PBXFileReference; lastKnownFileType = file; name = "Mark Simonson - Proxima Nova Semibold.otf"; path = "../../../Library/Fonts/Mark Simonson - Proxima Nova Semibold.otf"; sourceTree = "<group>"; };
		C045EE121ACC86690073BF23 /* Mark Simonson - Proxima Nova Thin Italic.otf */ = {isa = PBXFileReference; lastKnownFileType = file; name = "Mark Simonson - Proxima Nova Thin Italic.otf"; path = "../../../Library/Fonts/Mark Simonson - Proxima Nova Thin Italic.otf"; sourceTree = "<group>"; };
		C045EE131ACC86690073BF23 /* Mark Simonson - Proxima Nova Thin.otf */ = {isa = PBXFileReference; lastKnownFileType = file; name = "Mark Simonson - Proxima Nova Thin.otf"; path = "../../../Library/Fonts/Mark Simonson - Proxima Nova Thin.otf"; sourceTree = "<group>"; };
		C045EE2B1ACC88770073BF23 /* KiWiWhiteSpacePinkLogo.png */ = {isa = PBXFileReference; lastKnownFileType = image.png; name = KiWiWhiteSpacePinkLogo.png; path = ../../../Desktop/KiWiWhiteSpacePinkLogo.png; sourceTree = "<group>"; };
		C045EE2D1ACC8A0B0073BF23 /* WelcomeViewController.h */ = {isa = PBXFileReference; fileEncoding = 4; lastKnownFileType = sourcecode.c.h; name = WelcomeViewController.h; path = ../WelcomeViewController.h; sourceTree = "<group>"; };
		C045EE2E1ACC8A0B0073BF23 /* WelcomeViewController.m */ = {isa = PBXFileReference; fileEncoding = 4; lastKnownFileType = sourcecode.c.objc; name = WelcomeViewController.m; path = ../WelcomeViewController.m; sourceTree = "<group>"; };
		C062A2541ABFD18100BD85C6 /* Menu-50.png */ = {isa = PBXFileReference; lastKnownFileType = image.png; path = "Menu-50.png"; sourceTree = "<group>"; };
		C06B79071AC383C10022A672 /* AccountViewController.h */ = {isa = PBXFileReference; fileEncoding = 4; lastKnownFileType = sourcecode.c.h; path = AccountViewController.h; sourceTree = "<group>"; };
		C06B79081AC383C10022A672 /* AccountViewController.m */ = {isa = PBXFileReference; fileEncoding = 4; lastKnownFileType = sourcecode.c.objc; path = AccountViewController.m; sourceTree = "<group>"; };
		C06B790B1AC3DADC0022A672 /* SocketRocket-Prefix.pch */ = {isa = PBXFileReference; fileEncoding = 4; lastKnownFileType = sourcecode.c.h; path = "SocketRocket-Prefix.pch"; sourceTree = "<group>"; };
		C06B790C1AC3DADC0022A672 /* SRWebSocket.h */ = {isa = PBXFileReference; fileEncoding = 4; lastKnownFileType = sourcecode.c.h; path = SRWebSocket.h; sourceTree = "<group>"; };
		C06B790D1AC3DADC0022A672 /* SRWebSocket.m */ = {isa = PBXFileReference; fileEncoding = 4; lastKnownFileType = sourcecode.c.objc; path = SRWebSocket.m; sourceTree = "<group>"; };
		C06B790F1AC3DFB70022A672 /* libicucore.dylib */ = {isa = PBXFileReference; lastKnownFileType = "compiled.mach-o.dylib"; name = libicucore.dylib; path = usr/lib/libicucore.dylib; sourceTree = SDKROOT; };
		C06B79111AC3DFD50022A672 /* CFNetwork.framework */ = {isa = PBXFileReference; lastKnownFileType = wrapper.framework; name = CFNetwork.framework; path = System/Library/Frameworks/CFNetwork.framework; sourceTree = SDKROOT; };
		C06B79131AC3DFDD0022A672 /* Security.framework */ = {isa = PBXFileReference; lastKnownFileType = wrapper.framework; name = Security.framework; path = System/Library/Frameworks/Security.framework; sourceTree = SDKROOT; };
		C06B79151AC3DFE20022A672 /* Foundation.framework */ = {isa = PBXFileReference; lastKnownFileType = wrapper.framework; name = Foundation.framework; path = System/Library/Frameworks/Foundation.framework; sourceTree = SDKROOT; };
		C0778F2A1ABF84990070F0BD /* SWRevealViewController.h */ = {isa = PBXFileReference; fileEncoding = 4; lastKnownFileType = sourcecode.c.h; path = SWRevealViewController.h; sourceTree = "<group>"; };
		C0778F2B1ABF84990070F0BD /* SWRevealViewController.m */ = {isa = PBXFileReference; fileEncoding = 4; lastKnownFileType = sourcecode.c.objc; path = SWRevealViewController.m; sourceTree = "<group>"; };
		C0778F2D1ABF89C90070F0BD /* SidebarViewController.h */ = {isa = PBXFileReference; fileEncoding = 4; lastKnownFileType = sourcecode.c.h; path = SidebarViewController.h; sourceTree = "<group>"; };
		C0778F2E1ABF89C90070F0BD /* SidebarViewController.m */ = {isa = PBXFileReference; fileEncoding = 4; lastKnownFileType = sourcecode.c.objc; path = SidebarViewController.m; sourceTree = "<group>"; };
		C0778F301ABF8C230070F0BD /* MainViewController.h */ = {isa = PBXFileReference; fileEncoding = 4; lastKnownFileType = sourcecode.c.h; path = MainViewController.h; sourceTree = "<group>"; };
		C0778F311ABF8C230070F0BD /* MainViewController.m */ = {isa = PBXFileReference; fileEncoding = 4; lastKnownFileType = sourcecode.c.objc; path = MainViewController.m; sourceTree = "<group>"; };
		C07880191AD6720E00FF6C10 /* ClearIcon.png */ = {isa = PBXFileReference; lastKnownFileType = image.png; path = ClearIcon.png; sourceTree = "<group>"; };
		C08209A81A6398DD00DE47C3 /* Images.xcassets */ = {isa = PBXFileReference; lastKnownFileType = folder.assetcatalog; path = Images.xcassets; sourceTree = "<group>"; };
		C08209AA1A639C3100DE47C3 /* Launch Screen.xib */ = {isa = PBXFileReference; fileEncoding = 4; lastKnownFileType = file.xib; path = "Launch Screen.xib"; sourceTree = "<group>"; };
		C091F32E1ACD06E700CF17A8 /* delete8.png */ = {isa = PBXFileReference; lastKnownFileType = image.png; path = delete8.png; sourceTree = "<group>"; };
		C091F3301ACD07B200CF17A8 /* WhiteDeleteIcon.png */ = {isa = PBXFileReference; lastKnownFileType = image.png; path = WhiteDeleteIcon.png; sourceTree = "<group>"; };
		C091F3321ACD1D8D00CF17A8 /* SignUpPageViewController.h */ = {isa = PBXFileReference; fileEncoding = 4; lastKnownFileType = sourcecode.c.h; name = SignUpPageViewController.h; path = ../SignUpPageViewController.h; sourceTree = "<group>"; };
		C091F3331ACD1D8D00CF17A8 /* SignUpPageViewController.m */ = {isa = PBXFileReference; fileEncoding = 4; lastKnownFileType = sourcecode.c.objc; name = SignUpPageViewController.m; path = ../SignUpPageViewController.m; sourceTree = "<group>"; };
		C091F3371AD09E9B00CF17A8 /* KiWiAppIcon.png */ = {isa = PBXFileReference; lastKnownFileType = image.png; path = KiWiAppIcon.png; sourceTree = "<group>"; };
		C091F3391AD09F4400CF17A8 /* KiWiWhiteSpaceLogoWhite.png */ = {isa = PBXFileReference; lastKnownFileType = image.png; path = KiWiWhiteSpaceLogoWhite.png; sourceTree = "<group>"; };
		C091F33E1AD1F3B500CF17A8 /* UnlockIcon.png */ = {isa = PBXFileReference; lastKnownFileType = image.png; path = UnlockIcon.png; sourceTree = "<group>"; };
		C091F33F1AD1F3B500CF17A8 /* LockIcon.png */ = {isa = PBXFileReference; lastKnownFileType = image.png; path = LockIcon.png; sourceTree = "<group>"; };
		C091F3421AD33FB400CF17A8 /* UserProfileDefault.png */ = {isa = PBXFileReference; lastKnownFileType = image.png; path = UserProfileDefault.png; sourceTree = "<group>"; };
		C091F3441AD3418E00CF17A8 /* LogViewCell.xib */ = {isa = PBXFileReference; fileEncoding = 4; lastKnownFileType = file.xib; name = LogViewCell.xib; path = ../LogViewCell.xib; sourceTree = "<group>"; };
		C091F3461AD345F000CF17A8 /* LogViewCell.h */ = {isa = PBXFileReference; fileEncoding = 4; lastKnownFileType = sourcecode.c.h; path = LogViewCell.h; sourceTree = "<group>"; };
		C091F3471AD345F000CF17A8 /* LogViewCell.m */ = {isa = PBXFileReference; fileEncoding = 4; lastKnownFileType = sourcecode.c.objc; path = LogViewCell.m; sourceTree = "<group>"; };
		C091F3491AD3725800CF17A8 /* UserSideBarCell.h */ = {isa = PBXFileReference; fileEncoding = 4; lastKnownFileType = sourcecode.c.h; name = UserSideBarCell.h; path = ../UserSideBarCell.h; sourceTree = "<group>"; };
		C091F34A1AD3725800CF17A8 /* UserSideBarCell.m */ = {isa = PBXFileReference; fileEncoding = 4; lastKnownFileType = sourcecode.c.objc; name = UserSideBarCell.m; path = ../UserSideBarCell.m; sourceTree = "<group>"; };
		C091F34C1AD3729100CF17A8 /* UserSideBarCell.xib */ = {isa = PBXFileReference; fileEncoding = 4; lastKnownFileType = file.xib; name = UserSideBarCell.xib; path = ../UserSideBarCell.xib; sourceTree = "<group>"; };
		C09A0F7E1A9283E200EF02C6 /* MyKiwisViewController.h */ = {isa = PBXFileReference; fileEncoding = 4; lastKnownFileType = sourcecode.c.h; path = MyKiwisViewController.h; sourceTree = "<group>"; };
		C09A0F7F1A9283E200EF02C6 /* MyKiwisViewController.m */ = {isa = PBXFileReference; fileEncoding = 4; lastKnownFileType = sourcecode.c.objc; path = MyKiwisViewController.m; sourceTree = "<group>"; };
		C09A0F811A92845D00EF02C6 /* CoreLocation.framework */ = {isa = PBXFileReference; lastKnownFileType = wrapper.framework; name = CoreLocation.framework; path = System/Library/Frameworks/CoreLocation.framework; sourceTree = SDKROOT; };
		C09A0F831A96F66600EF02C6 /* MapKit.framework */ = {isa = PBXFileReference; lastKnownFileType = wrapper.framework; name = MapKit.framework; path = System/Library/Frameworks/MapKit.framework; sourceTree = SDKROOT; };
		C0A5FCBF1AD8959500A6BB62 /* MyStore.xcdatamodel */ = {isa = PBXFileReference; lastKnownFileType = wrapper.xcdatamodel; path = MyStore.xcdatamodel; sourceTree = "<group>"; };
		C0A5FCC11AD9C3F200A6BB62 /* CoreData.framework */ = {isa = PBXFileReference; lastKnownFileType = wrapper.framework; name = CoreData.framework; path = System/Library/Frameworks/CoreData.framework; sourceTree = SDKROOT; };
		C0B459161A43957500BB9C64 /* KiWi.app */ = {isa = PBXFileReference; explicitFileType = wrapper.application; includeInIndex = 0; path = KiWi.app; sourceTree = BUILT_PRODUCTS_DIR; };
		C0B4591A1A43957500BB9C64 /* Info.plist */ = {isa = PBXFileReference; lastKnownFileType = text.plist.xml; path = Info.plist; sourceTree = "<group>"; };
		C0B4591B1A43957500BB9C64 /* main.m */ = {isa = PBXFileReference; lastKnownFileType = sourcecode.c.objc; path = main.m; sourceTree = "<group>"; };
		C0B4591D1A43957500BB9C64 /* AppDelegate.h */ = {isa = PBXFileReference; lastKnownFileType = sourcecode.c.h; path = AppDelegate.h; sourceTree = "<group>"; };
		C0B4591E1A43957500BB9C64 /* AppDelegate.m */ = {isa = PBXFileReference; lastKnownFileType = sourcecode.c.objc; path = AppDelegate.m; sourceTree = "<group>"; };
		C0B4592F1A43957500BB9C64 /* KiWiTests.xctest */ = {isa = PBXFileReference; explicitFileType = wrapper.cfbundle; includeInIndex = 0; path = KiWiTests.xctest; sourceTree = BUILT_PRODUCTS_DIR; };
		C0B459341A43957500BB9C64 /* Info.plist */ = {isa = PBXFileReference; lastKnownFileType = text.plist.xml; path = Info.plist; sourceTree = "<group>"; };
		C0B459351A43957500BB9C64 /* ToDoListTests.m */ = {isa = PBXFileReference; lastKnownFileType = sourcecode.c.objc; path = ToDoListTests.m; sourceTree = "<group>"; };
		C0D2A6391ACCFDDD00426EF4 /* LogInPageViewController.h */ = {isa = PBXFileReference; fileEncoding = 4; lastKnownFileType = sourcecode.c.h; name = LogInPageViewController.h; path = ../LogInPageViewController.h; sourceTree = "<group>"; };
		C0D2A63A1ACCFDDD00426EF4 /* LogInPageViewController.m */ = {isa = PBXFileReference; fileEncoding = 4; lastKnownFileType = sourcecode.c.objc; name = LogInPageViewController.m; path = ../LogInPageViewController.m; sourceTree = "<group>"; };
		C0D2A63D1ACCFEE300426EF4 /* GlobalVars.m */ = {isa = PBXFileReference; fileEncoding = 4; lastKnownFileType = sourcecode.c.objc; name = GlobalVars.m; path = ../GlobalVars.m; sourceTree = "<group>"; };
		C0D2A63F1ACCFEFE00426EF4 /* GlobalVars.h */ = {isa = PBXFileReference; lastKnownFileType = sourcecode.c.h; name = GlobalVars.h; path = ../GlobalVars.h; sourceTree = "<group>"; };
		C0DDBCF61AEB814E00A72D94 /* TransparentToolbar.h */ = {isa = PBXFileReference; fileEncoding = 4; lastKnownFileType = sourcecode.c.h; path = TransparentToolbar.h; sourceTree = "<group>"; };
		C0DDBCF71AEB814E00A72D94 /* TransparentToolbar.m */ = {isa = PBXFileReference; fileEncoding = 4; lastKnownFileType = sourcecode.c.objc; path = TransparentToolbar.m; sourceTree = "<group>"; };
		C0FEA49F1A43BD080035A53C /* Main.storyboard */ = {isa = PBXFileReference; fileEncoding = 4; lastKnownFileType = file.storyboard; path = Main.storyboard; sourceTree = "<group>"; };
/* End PBXFileReference section */

/* Begin PBXFrameworksBuildPhase section */
		C0B459131A43957500BB9C64 /* Frameworks */ = {
			isa = PBXFrameworksBuildPhase;
			buildActionMask = 2147483647;
			files = (
				C0A5FCC21AD9C3F200A6BB62 /* CoreData.framework in Frameworks */,
				C06B79161AC3DFE20022A672 /* Foundation.framework in Frameworks */,
				C06B79141AC3DFDD0022A672 /* Security.framework in Frameworks */,
				C06B79121AC3DFD50022A672 /* CFNetwork.framework in Frameworks */,
				C06B79101AC3DFB70022A672 /* libicucore.dylib in Frameworks */,
				C09A0F841A96F66600EF02C6 /* MapKit.framework in Frameworks */,
				C09A0F821A92845D00EF02C6 /* CoreLocation.framework in Frameworks */,
			);
			runOnlyForDeploymentPostprocessing = 0;
		};
		C0B4592C1A43957500BB9C64 /* Frameworks */ = {
			isa = PBXFrameworksBuildPhase;
			buildActionMask = 2147483647;
			files = (
			);
			runOnlyForDeploymentPostprocessing = 0;
		};
/* End PBXFrameworksBuildPhase section */

/* Begin PBXGroup section */
		C045EE081ACC86340073BF23 /* Resources */ = {
			isa = PBXGroup;
			children = (
				C045EE281ACC87D10073BF23 /* Image */,
				C045EE091ACC863C0073BF23 /* Fonts */,
			);
			name = Resources;
			sourceTree = "<group>";
		};
		C045EE091ACC863C0073BF23 /* Fonts */ = {
			isa = PBXGroup;
			children = (
				C045EE0A1ACC86690073BF23 /* Mark Simonson - Proxima Nova Black Italic.otf */,
				C045EE0B1ACC86690073BF23 /* Mark Simonson - Proxima Nova Black.otf */,
				C045EE0C1ACC86690073BF23 /* Mark Simonson - Proxima Nova Bold Italic.otf */,
				C045EE0D1ACC86690073BF23 /* Mark Simonson - Proxima Nova Bold.otf */,
				C045EE0E1ACC86690073BF23 /* Mark Simonson - Proxima Nova Extrabold Italic.otf */,
				C045EE0F1ACC86690073BF23 /* Mark Simonson - Proxima Nova Extrabold.otf */,
				C045EE101ACC86690073BF23 /* Mark Simonson - Proxima Nova Semibold Italic.otf */,
				C045EE111ACC86690073BF23 /* Mark Simonson - Proxima Nova Semibold.otf */,
				C045EE121ACC86690073BF23 /* Mark Simonson - Proxima Nova Thin Italic.otf */,
				C045EE131ACC86690073BF23 /* Mark Simonson - Proxima Nova Thin.otf */,
			);
			name = Fonts;
			sourceTree = "<group>";
		};
		C045EE281ACC87D10073BF23 /* Image */ = {
			isa = PBXGroup;
			children = (
				C0383A431AECBAAC00F4E09E /* logo-6withoutlettersmediumres.png */,
				C0383A411AECB88B00F4E09E /* newlogo.png */,
				C091F3421AD33FB400CF17A8 /* UserProfileDefault.png */,
				C091F33E1AD1F3B500CF17A8 /* UnlockIcon.png */,
				C091F33F1AD1F3B500CF17A8 /* LockIcon.png */,
				C091F3391AD09F4400CF17A8 /* KiWiWhiteSpaceLogoWhite.png */,
				C091F3371AD09E9B00CF17A8 /* KiWiAppIcon.png */,
				C0383A491AECBF8E00F4E09E /* logo-6appicon.png */,
				C0383A4D1AEDD52600F4E09E /* 2pxWidthLineImage.png */,
				C0383A581AEDFB6000F4E09E /* key83.png */,
				C07880191AD6720E00FF6C10 /* ClearIcon.png */,
				C0383A5A1AEDFD1200F4E09E /* keys.png */,
				C0383A511AEDF41700F4E09E /* backward4.png */,
				C0383A461AECBB5C00F4E09E /* logo-6withoutlettershighres.png */,
				C0383A4B1AEDD20A00F4E09E /* UserProfileDefaultDark.png */,
				C091F3301ACD07B200CF17A8 /* WhiteDeleteIcon.png */,
				C091F32E1ACD06E700CF17A8 /* delete8.png */,
				C045EE2B1ACC88770073BF23 /* KiWiWhiteSpacePinkLogo.png */,
			);
			name = Image;
			sourceTree = "<group>";
		};
		C06B790A1AC3DAC30022A672 /* SocketRocket */ = {
			isa = PBXGroup;
			children = (
				C06B790B1AC3DADC0022A672 /* SocketRocket-Prefix.pch */,
				C06B790C1AC3DADC0022A672 /* SRWebSocket.h */,
				C06B790D1AC3DADC0022A672 /* SRWebSocket.m */,
			);
			name = SocketRocket;
			sourceTree = "<group>";
		};
		C0778F291ABF83E00070F0BD /* SWRevealViewController */ = {
			isa = PBXGroup;
			children = (
				C0778F2A1ABF84990070F0BD /* SWRevealViewController.h */,
				C0778F2B1ABF84990070F0BD /* SWRevealViewController.m */,
			);
			name = SWRevealViewController;
			sourceTree = "<group>";
		};
		C0B4590D1A43957500BB9C64 = {
			isa = PBXGroup;
			children = (
				C0A5FCC11AD9C3F200A6BB62 /* CoreData.framework */,
				C045EE081ACC86340073BF23 /* Resources */,
				C06B79151AC3DFE20022A672 /* Foundation.framework */,
				C06B79131AC3DFDD0022A672 /* Security.framework */,
				C06B79111AC3DFD50022A672 /* CFNetwork.framework */,
				C06B790F1AC3DFB70022A672 /* libicucore.dylib */,
				C09A0F831A96F66600EF02C6 /* MapKit.framework */,
				C09A0F811A92845D00EF02C6 /* CoreLocation.framework */,
				C062A2541ABFD18100BD85C6 /* Menu-50.png */,
				C0B459181A43957500BB9C64 /* KiWi */,
				C0B459321A43957500BB9C64 /* KiWiTests */,
				C0B459171A43957500BB9C64 /* Products */,
			);
			sourceTree = "<group>";
		};
		C0B459171A43957500BB9C64 /* Products */ = {
			isa = PBXGroup;
			children = (
				C0B459161A43957500BB9C64 /* KiWi.app */,
				C0B4592F1A43957500BB9C64 /* KiWiTests.xctest */,
			);
			name = Products;
			sourceTree = "<group>";
		};
		C0B459181A43957500BB9C64 /* KiWi */ = {
			isa = PBXGroup;
			children = (
				C091F34C1AD3729100CF17A8 /* UserSideBarCell.xib */,
				C091F3491AD3725800CF17A8 /* UserSideBarCell.h */,
				C091F34A1AD3725800CF17A8 /* UserSideBarCell.m */,
				C091F3441AD3418E00CF17A8 /* LogViewCell.xib */,
				C091F3321ACD1D8D00CF17A8 /* SignUpPageViewController.h */,
				C091F3331ACD1D8D00CF17A8 /* SignUpPageViewController.m */,
				C0D2A63F1ACCFEFE00426EF4 /* GlobalVars.h */,
				C0D2A63D1ACCFEE300426EF4 /* GlobalVars.m */,
				C0D2A6391ACCFDDD00426EF4 /* LogInPageViewController.h */,
				C0D2A63A1ACCFDDD00426EF4 /* LogInPageViewController.m */,
				C045EE2D1ACC8A0B0073BF23 /* WelcomeViewController.h */,
				C045EE2E1ACC8A0B0073BF23 /* WelcomeViewController.m */,
				C06B790A1AC3DAC30022A672 /* SocketRocket */,
				C0778F301ABF8C230070F0BD /* MainViewController.h */,
				C0778F311ABF8C230070F0BD /* MainViewController.m */,
				C0778F2D1ABF89C90070F0BD /* SidebarViewController.h */,
				C0778F2E1ABF89C90070F0BD /* SidebarViewController.m */,
				C0778F291ABF83E00070F0BD /* SWRevealViewController */,
				C0B4591D1A43957500BB9C64 /* AppDelegate.h */,
				C0B4591E1A43957500BB9C64 /* AppDelegate.m */,
				C0FEA49F1A43BD080035A53C /* Main.storyboard */,
				C0B459191A43957500BB9C64 /* Supporting Files */,
				C08209A81A6398DD00DE47C3 /* Images.xcassets */,
				C08209AA1A639C3100DE47C3 /* Launch Screen.xib */,
				C09A0F7E1A9283E200EF02C6 /* MyKiwisViewController.h */,
				C09A0F7F1A9283E200EF02C6 /* MyKiwisViewController.m */,
				C06B79071AC383C10022A672 /* AccountViewController.h */,
				C06B79081AC383C10022A672 /* AccountViewController.m */,
				C091F3461AD345F000CF17A8 /* LogViewCell.h */,
				C091F3471AD345F000CF17A8 /* LogViewCell.m */,
				C03163381AD60F8800848FFF /* SettingsViewController.h */,
				C03163391AD60F8800848FFF /* SettingsViewController.m */,
				C0A5FCBE1AD8959500A6BB62 /* MyStore.xcdatamodeld */,
				C0DDBCF61AEB814E00A72D94 /* TransparentToolbar.h */,
				C0DDBCF71AEB814E00A72D94 /* TransparentToolbar.m */,
				C0383A531AEDF4D100F4E09E /* ShareKeyViewController.h */,
				C0383A541AEDF4D100F4E09E /* ShareKeyViewController.m */,
				C0383A561AEDF7B100F4E09E /* FriendListCell.xib */,
				C0383A5C1AEDFEAF00F4E09E /* FriendListCell.h */,
				C0383A5D1AEDFEAF00F4E09E /* FriendListCell.m */,
			);
			name = KiWi;
			path = ToDoList;
			sourceTree = "<group>";
		};
		C0B459191A43957500BB9C64 /* Supporting Files */ = {
			isa = PBXGroup;
			children = (
				C0B4591A1A43957500BB9C64 /* Info.plist */,
				C0B4591B1A43957500BB9C64 /* main.m */,
			);
			name = "Supporting Files";
			sourceTree = "<group>";
		};
		C0B459321A43957500BB9C64 /* KiWiTests */ = {
			isa = PBXGroup;
			children = (
				C0B459351A43957500BB9C64 /* ToDoListTests.m */,
				C0B459331A43957500BB9C64 /* Supporting Files */,
			);
			name = KiWiTests;
			path = ToDoListTests;
			sourceTree = "<group>";
		};
		C0B459331A43957500BB9C64 /* Supporting Files */ = {
			isa = PBXGroup;
			children = (
				C0B459341A43957500BB9C64 /* Info.plist */,
			);
			name = "Supporting Files";
			sourceTree = "<group>";
		};
/* End PBXGroup section */

/* Begin PBXNativeTarget section */
		C0B459151A43957500BB9C64 /* KiWi */ = {
			isa = PBXNativeTarget;
			buildConfigurationList = C0B459391A43957500BB9C64 /* Build configuration list for PBXNativeTarget "KiWi" */;
			buildPhases = (
				C0B459121A43957500BB9C64 /* Sources */,
				C0B459131A43957500BB9C64 /* Frameworks */,
				C0B459141A43957500BB9C64 /* Resources */,
			);
			buildRules = (
			);
			dependencies = (
			);
			name = KiWi;
			productName = ToDoList;
			productReference = C0B459161A43957500BB9C64 /* KiWi.app */;
			productType = "com.apple.product-type.application";
		};
		C0B4592E1A43957500BB9C64 /* KiWiTests */ = {
			isa = PBXNativeTarget;
			buildConfigurationList = C0B4593C1A43957500BB9C64 /* Build configuration list for PBXNativeTarget "KiWiTests" */;
			buildPhases = (
				C0B4592B1A43957500BB9C64 /* Sources */,
				C0B4592C1A43957500BB9C64 /* Frameworks */,
				C0B4592D1A43957500BB9C64 /* Resources */,
			);
			buildRules = (
			);
			dependencies = (
				C0B459311A43957500BB9C64 /* PBXTargetDependency */,
			);
			name = KiWiTests;
			productName = ToDoListTests;
			productReference = C0B4592F1A43957500BB9C64 /* KiWiTests.xctest */;
			productType = "com.apple.product-type.bundle.unit-test";
		};
/* End PBXNativeTarget section */

/* Begin PBXProject section */
		C0B4590E1A43957500BB9C64 /* Project object */ = {
			isa = PBXProject;
			attributes = {
				LastUpgradeCheck = 0610;
				ORGANIZATIONNAME = "Kapil Gowru";
				TargetAttributes = {
					C0B459151A43957500BB9C64 = {
						CreatedOnToolsVersion = 6.1.1;
						DevelopmentTeam = B47QPRK3YN;
					};
					C0B4592E1A43957500BB9C64 = {
						CreatedOnToolsVersion = 6.1.1;
						TestTargetID = C0B459151A43957500BB9C64;
					};
				};
			};
			buildConfigurationList = C0B459111A43957500BB9C64 /* Build configuration list for PBXProject "KiWi" */;
			compatibilityVersion = "Xcode 3.2";
			developmentRegion = English;
			hasScannedForEncodings = 0;
			knownRegions = (
				en,
				Base,
			);
			mainGroup = C0B4590D1A43957500BB9C64;
			productRefGroup = C0B459171A43957500BB9C64 /* Products */;
			projectDirPath = "";
			projectRoot = "";
			targets = (
				C0B459151A43957500BB9C64 /* KiWi */,
				C0B4592E1A43957500BB9C64 /* KiWiTests */,
			);
		};
/* End PBXProject section */

/* Begin PBXResourcesBuildPhase section */
		C0B459141A43957500BB9C64 /* Resources */ = {
			isa = PBXResourcesBuildPhase;
			buildActionMask = 2147483647;
			files = (
				C091F3381AD09E9B00CF17A8 /* KiWiAppIcon.png in Resources */,
				C08209A91A6398DD00DE47C3 /* Images.xcassets in Resources */,
				C045EE221ACC86710073BF23 /* Mark Simonson - Proxima Nova Extrabold Italic.otf in Resources */,
				C045EE271ACC86710073BF23 /* Mark Simonson - Proxima Nova Thin.otf in Resources */,
				C08209A31A625E9F00DE47C3 /* Info.plist in Resources */,
				C091F34D1AD3729100CF17A8 /* UserSideBarCell.xib in Resources */,
				C078801A1AD6720E00FF6C10 /* ClearIcon.png in Resources */,
				C091F3401AD1F3B500CF17A8 /* UnlockIcon.png in Resources */,
				C091F3431AD33FB400CF17A8 /* UserProfileDefault.png in Resources */,
				C0FEA4A01A43BD080035A53C /* Main.storyboard in Resources */,
				C0383A441AECBAAC00F4E09E /* logo-6withoutlettersmediumres.png in Resources */,
				C0383A5B1AEDFD1200F4E09E /* keys.png in Resources */,
				C045EE231ACC86710073BF23 /* Mark Simonson - Proxima Nova Extrabold.otf in Resources */,
				C0383A4C1AEDD20A00F4E09E /* UserProfileDefaultDark.png in Resources */,
				C0383A4E1AEDD52600F4E09E /* 2pxWidthLineImage.png in Resources */,
				C0383A471AECBB5C00F4E09E /* logo-6withoutlettershighres.png in Resources */,
				C091F33A1AD09F4400CF17A8 /* KiWiWhiteSpaceLogoWhite.png in Resources */,
				C062A2551ABFD18100BD85C6 /* Menu-50.png in Resources */,
				C045EE261ACC86710073BF23 /* Mark Simonson - Proxima Nova Thin Italic.otf in Resources */,
				C0383A4A1AECBF8E00F4E09E /* logo-6appicon.png in Resources */,
				C045EE251ACC86710073BF23 /* Mark Simonson - Proxima Nova Semibold.otf in Resources */,
				C0383A521AEDF41700F4E09E /* backward4.png in Resources */,
				C045EE211ACC86710073BF23 /* Mark Simonson - Proxima Nova Bold.otf in Resources */,
				C045EE201ACC86710073BF23 /* Mark Simonson - Proxima Nova Bold Italic.otf in Resources */,
				C0383A571AEDF7B100F4E09E /* FriendListCell.xib in Resources */,
				C0383A421AECB88B00F4E09E /* newlogo.png in Resources */,
				C091F32F1ACD06E700CF17A8 /* delete8.png in Resources */,
				C045EE1F1ACC86710073BF23 /* Mark Simonson - Proxima Nova Black.otf in Resources */,
				C08209AB1A639C3100DE47C3 /* Launch Screen.xib in Resources */,
				C0383A591AEDFB6000F4E09E /* key83.png in Resources */,
				C045EE2C1ACC88770073BF23 /* KiWiWhiteSpacePinkLogo.png in Resources */,
				C091F3311ACD07B200CF17A8 /* WhiteDeleteIcon.png in Resources */,
				C045EE241ACC86710073BF23 /* Mark Simonson - Proxima Nova Semibold Italic.otf in Resources */,
				C091F3451AD3418E00CF17A8 /* LogViewCell.xib in Resources */,
				C045EE1E1ACC86710073BF23 /* Mark Simonson - Proxima Nova Black Italic.otf in Resources */,
				C091F3411AD1F3B500CF17A8 /* LockIcon.png in Resources */,
			);
			runOnlyForDeploymentPostprocessing = 0;
		};
		C0B4592D1A43957500BB9C64 /* Resources */ = {
			isa = PBXResourcesBuildPhase;
			buildActionMask = 2147483647;
			files = (
				C0383A451AECBAAC00F4E09E /* logo-6withoutlettersmediumres.png in Resources */,
				C0383A481AECBB5C00F4E09E /* logo-6withoutlettershighres.png in Resources */,
			);
			runOnlyForDeploymentPostprocessing = 0;
		};
/* End PBXResourcesBuildPhase section */

/* Begin PBXSourcesBuildPhase section */
		C0B459121A43957500BB9C64 /* Sources */ = {
			isa = PBXSourcesBuildPhase;
			buildActionMask = 2147483647;
			files = (
				C06B790E1AC3DADC0022A672 /* SRWebSocket.m in Sources */,
				C0A5FCC01AD8959500A6BB62 /* MyStore.xcdatamodeld in Sources */,
				C0778F2F1ABF89C90070F0BD /* SidebarViewController.m in Sources */,
				C091F3481AD345F000CF17A8 /* LogViewCell.m in Sources */,
				C0B4591F1A43957500BB9C64 /* AppDelegate.m in Sources */,
				C031633A1AD60F8800848FFF /* SettingsViewController.m in Sources */,
				C0383A551AEDF4D100F4E09E /* ShareKeyViewController.m in Sources */,
				C0D2A63E1ACCFEE300426EF4 /* GlobalVars.m in Sources */,
				C0383A5E1AEDFEAF00F4E09E /* FriendListCell.m in Sources */,
				C0778F321ABF8C230070F0BD /* MainViewController.m in Sources */,
				C045EE2F1ACC8A0B0073BF23 /* WelcomeViewController.m in Sources */,
				C0D2A63B1ACCFDDD00426EF4 /* LogInPageViewController.m in Sources */,
				C06B79091AC383C10022A672 /* AccountViewController.m in Sources */,
				C0778F2C1ABF84990070F0BD /* SWRevealViewController.m in Sources */,
				C0DDBCF81AEB814E00A72D94 /* TransparentToolbar.m in Sources */,
				C0B4591C1A43957500BB9C64 /* main.m in Sources */,
				C091F34B1AD3725800CF17A8 /* UserSideBarCell.m in Sources */,
				C091F3341ACD1D8D00CF17A8 /* SignUpPageViewController.m in Sources */,
				C09A0F801A9283E200EF02C6 /* MyKiwisViewController.m in Sources */,
			);
			runOnlyForDeploymentPostprocessing = 0;
		};
		C0B4592B1A43957500BB9C64 /* Sources */ = {
			isa = PBXSourcesBuildPhase;
			buildActionMask = 2147483647;
			files = (
				C0B459361A43957500BB9C64 /* ToDoListTests.m in Sources */,
			);
			runOnlyForDeploymentPostprocessing = 0;
		};
/* End PBXSourcesBuildPhase section */

/* Begin PBXTargetDependency section */
		C0B459311A43957500BB9C64 /* PBXTargetDependency */ = {
			isa = PBXTargetDependency;
			target = C0B459151A43957500BB9C64 /* KiWi */;
			targetProxy = C0B459301A43957500BB9C64 /* PBXContainerItemProxy */;
		};
/* End PBXTargetDependency section */

/* Begin XCBuildConfiguration section */
		C0B459371A43957500BB9C64 /* Debug */ = {
			isa = XCBuildConfiguration;
			buildSettings = {
				ALWAYS_SEARCH_USER_PATHS = NO;
				CLANG_CXX_LANGUAGE_STANDARD = "gnu++0x";
				CLANG_CXX_LIBRARY = "libc++";
				CLANG_ENABLE_MODULES = YES;
				CLANG_ENABLE_OBJC_ARC = YES;
				CLANG_WARN_BOOL_CONVERSION = YES;
				CLANG_WARN_CONSTANT_CONVERSION = YES;
				CLANG_WARN_DIRECT_OBJC_ISA_USAGE = YES_ERROR;
				CLANG_WARN_EMPTY_BODY = YES;
				CLANG_WARN_ENUM_CONVERSION = YES;
				CLANG_WARN_INT_CONVERSION = YES;
				CLANG_WARN_OBJC_ROOT_CLASS = YES_ERROR;
				CLANG_WARN_UNREACHABLE_CODE = YES;
				CLANG_WARN__DUPLICATE_METHOD_MATCH = YES;
				"CODE_SIGN_IDENTITY[sdk=iphoneos*]" = "iPhone Developer";
				COPY_PHASE_STRIP = NO;
				ENABLE_STRICT_OBJC_MSGSEND = YES;
				GCC_C_LANGUAGE_STANDARD = gnu99;
				GCC_DYNAMIC_NO_PIC = NO;
				GCC_OPTIMIZATION_LEVEL = 0;
				GCC_PREPROCESSOR_DEFINITIONS = (
					"DEBUG=1",
					"$(inherited)",
				);
				GCC_SYMBOLS_PRIVATE_EXTERN = NO;
				GCC_WARN_64_TO_32_BIT_CONVERSION = YES;
				GCC_WARN_ABOUT_RETURN_TYPE = YES_ERROR;
				GCC_WARN_UNDECLARED_SELECTOR = YES;
				GCC_WARN_UNINITIALIZED_AUTOS = YES_AGGRESSIVE;
				GCC_WARN_UNUSED_FUNCTION = YES;
				GCC_WARN_UNUSED_VARIABLE = YES;
				IPHONEOS_DEPLOYMENT_TARGET = 8.1;
				MTL_ENABLE_DEBUG_INFO = YES;
				ONLY_ACTIVE_ARCH = YES;
				SDKROOT = iphoneos;
			};
			name = Debug;
		};
		C0B459381A43957500BB9C64 /* Release */ = {
			isa = XCBuildConfiguration;
			buildSettings = {
				ALWAYS_SEARCH_USER_PATHS = NO;
				CLANG_CXX_LANGUAGE_STANDARD = "gnu++0x";
				CLANG_CXX_LIBRARY = "libc++";
				CLANG_ENABLE_MODULES = YES;
				CLANG_ENABLE_OBJC_ARC = YES;
				CLANG_WARN_BOOL_CONVERSION = YES;
				CLANG_WARN_CONSTANT_CONVERSION = YES;
				CLANG_WARN_DIRECT_OBJC_ISA_USAGE = YES_ERROR;
				CLANG_WARN_EMPTY_BODY = YES;
				CLANG_WARN_ENUM_CONVERSION = YES;
				CLANG_WARN_INT_CONVERSION = YES;
				CLANG_WARN_OBJC_ROOT_CLASS = YES_ERROR;
				CLANG_WARN_UNREACHABLE_CODE = YES;
				CLANG_WARN__DUPLICATE_METHOD_MATCH = YES;
				"CODE_SIGN_IDENTITY[sdk=iphoneos*]" = "iPhone Developer";
				COPY_PHASE_STRIP = YES;
				ENABLE_NS_ASSERTIONS = NO;
				ENABLE_STRICT_OBJC_MSGSEND = YES;
				GCC_C_LANGUAGE_STANDARD = gnu99;
				GCC_WARN_64_TO_32_BIT_CONVERSION = YES;
				GCC_WARN_ABOUT_RETURN_TYPE = YES_ERROR;
				GCC_WARN_UNDECLARED_SELECTOR = YES;
				GCC_WARN_UNINITIALIZED_AUTOS = YES_AGGRESSIVE;
				GCC_WARN_UNUSED_FUNCTION = YES;
				GCC_WARN_UNUSED_VARIABLE = YES;
				IPHONEOS_DEPLOYMENT_TARGET = 8.1;
				MTL_ENABLE_DEBUG_INFO = NO;
				SDKROOT = iphoneos;
				VALIDATE_PRODUCT = YES;
			};
			name = Release;
		};
		C0B4593A1A43957500BB9C64 /* Debug */ = {
			isa = XCBuildConfiguration;
			buildSettings = {
				ASSETCATALOG_COMPILER_APPICON_NAME = AppIcon;
				CODE_SIGN_IDENTITY = "iPhone Developer";
				"CODE_SIGN_IDENTITY[sdk=iphoneos*]" = "iPhone Developer";
				INFOPLIST_FILE = ToDoList/Info.plist;
				IPHONEOS_DEPLOYMENT_TARGET = 8.3;
				LD_RUNPATH_SEARCH_PATHS = "$(inherited) @executable_path/Frameworks";
				PRODUCT_NAME = KiWi;
				PROVISIONING_PROFILE = "";
			};
			name = Debug;
		};
		C0B4593B1A43957500BB9C64 /* Release */ = {
			isa = XCBuildConfiguration;
			buildSettings = {
				ASSETCATALOG_COMPILER_APPICON_NAME = AppIcon;
				CODE_SIGN_IDENTITY = "iPhone Developer";
				"CODE_SIGN_IDENTITY[sdk=iphoneos*]" = "iPhone Developer";
				INFOPLIST_FILE = ToDoList/Info.plist;
				IPHONEOS_DEPLOYMENT_TARGET = 8.3;
				LD_RUNPATH_SEARCH_PATHS = "$(inherited) @executable_path/Frameworks";
				PRODUCT_NAME = KiWi;
				PROVISIONING_PROFILE = "";
			};
			name = Release;
		};
		C0B4593D1A43957500BB9C64 /* Debug */ = {
			isa = XCBuildConfiguration;
			buildSettings = {
				BUNDLE_LOADER = "$(TEST_HOST)";
				FRAMEWORK_SEARCH_PATHS = (
					"$(SDKROOT)/Developer/Library/Frameworks",
					"$(inherited)",
				);
				GCC_PREPROCESSOR_DEFINITIONS = (
					"DEBUG=1",
					"$(inherited)",
				);
				INFOPLIST_FILE = ToDoListTests/Info.plist;
				LD_RUNPATH_SEARCH_PATHS = "$(inherited) @executable_path/Frameworks @loader_path/Frameworks";
				PRODUCT_NAME = KiWiTests;
				TEST_HOST = "$(BUILT_PRODUCTS_DIR)/KiWi.app/KiWi";
			};
			name = Debug;
		};
		C0B4593E1A43957500BB9C64 /* Release */ = {
			isa = XCBuildConfiguration;
			buildSettings = {
				BUNDLE_LOADER = "$(TEST_HOST)";
				FRAMEWORK_SEARCH_PATHS = (
					"$(SDKROOT)/Developer/Library/Frameworks",
					"$(inherited)",
				);
				INFOPLIST_FILE = ToDoListTests/Info.plist;
				LD_RUNPATH_SEARCH_PATHS = "$(inherited) @executable_path/Frameworks @loader_path/Frameworks";
				PRODUCT_NAME = KiWiTests;
				TEST_HOST = "$(BUILT_PRODUCTS_DIR)/KiWi.app/KiWi";
			};
			name = Release;
		};
/* End XCBuildConfiguration section */

/* Begin XCConfigurationList section */
		C0B459111A43957500BB9C64 /* Build configuration list for PBXProject "KiWi" */ = {
			isa = XCConfigurationList;
			buildConfigurations = (
				C0B459371A43957500BB9C64 /* Debug */,
				C0B459381A43957500BB9C64 /* Release */,
			);
			defaultConfigurationIsVisible = 0;
			defaultConfigurationName = Release;
		};
		C0B459391A43957500BB9C64 /* Build configuration list for PBXNativeTarget "KiWi" */ = {
			isa = XCConfigurationList;
			buildConfigurations = (
				C0B4593A1A43957500BB9C64 /* Debug */,
				C0B4593B1A43957500BB9C64 /* Release */,
			);
			defaultConfigurationIsVisible = 0;
			defaultConfigurationName = Release;
		};
		C0B4593C1A43957500BB9C64 /* Build configuration list for PBXNativeTarget "KiWiTests" */ = {
			isa = XCConfigurationList;
			buildConfigurations = (
				C0B4593D1A43957500BB9C64 /* Debug */,
				C0B4593E1A43957500BB9C64 /* Release */,
			);
			defaultConfigurationIsVisible = 0;
			defaultConfigurationName = Release;
		};
/* End XCConfigurationList section */

/* Begin XCVersionGroup section */
		C0A5FCBE1AD8959500A6BB62 /* MyStore.xcdatamodeld */ = {
			isa = XCVersionGroup;
			children = (
				C0A5FCBF1AD8959500A6BB62 /* MyStore.xcdatamodel */,
			);
			currentVersion = C0A5FCBF1AD8959500A6BB62 /* MyStore.xcdatamodel */;
			path = MyStore.xcdatamodeld;
			sourceTree = "<group>";
			versionGroupType = wrapper.xcdatamodel;
		};
/* End XCVersionGroup section */
	};
	rootObject = C0B4590E1A43957500BB9C64 /* Project object */;
}
